// !$*UTF8*$!
{
	archiveVersion = 1;
	classes = {
	};
	objectVersion = 50;
	objects = {

/* Begin PBXBuildFile section */
		E71080C7241FF5F7001FB39B /* InProgressViewController.swift in Sources */ = {isa = PBXBuildFile; fileRef = E71080C6241FF5F7001FB39B /* InProgressViewController.swift */; };
		E71080C9241FF603001FB39B /* DoneViewController.swift in Sources */ = {isa = PBXBuildFile; fileRef = E71080C8241FF603001FB39B /* DoneViewController.swift */; };
		E7275E8A241D8C1C008131D4 /* Image.swift in Sources */ = {isa = PBXBuildFile; fileRef = E7275E89241D8C1C008131D4 /* Image.swift */; };
		E7275E8C241D8D40008131D4 /* Download.swift in Sources */ = {isa = PBXBuildFile; fileRef = E7275E8B241D8D40008131D4 /* Download.swift */; };
		E7275E8E241E2A5A008131D4 /* DownloadManager.swift in Sources */ = {isa = PBXBuildFile; fileRef = E7275E8D241E2A5A008131D4 /* DownloadManager.swift */; };
		E731248F241D8287000E01B0 /* AppDelegate.swift in Sources */ = {isa = PBXBuildFile; fileRef = E731248E241D8287000E01B0 /* AppDelegate.swift */; };
		E7312491241D8287000E01B0 /* SceneDelegate.swift in Sources */ = {isa = PBXBuildFile; fileRef = E7312490241D8287000E01B0 /* SceneDelegate.swift */; };
		E7312493241D8287000E01B0 /* ViewController.swift in Sources */ = {isa = PBXBuildFile; fileRef = E7312492241D8287000E01B0 /* ViewController.swift */; };
		E7312496241D8287000E01B0 /* Main.storyboard in Resources */ = {isa = PBXBuildFile; fileRef = E7312494241D8287000E01B0 /* Main.storyboard */; };
		E7312498241D8288000E01B0 /* Assets.xcassets in Resources */ = {isa = PBXBuildFile; fileRef = E7312497241D8288000E01B0 /* Assets.xcassets */; };
		E731249B241D8288000E01B0 /* LaunchScreen.storyboard in Resources */ = {isa = PBXBuildFile; fileRef = E7312499241D8288000E01B0 /* LaunchScreen.storyboard */; };
		E760CEDF24242C5E000EE1CB /* ToDoViewController.swift in Sources */ = {isa = PBXBuildFile; fileRef = E760CEDE24242C5E000EE1CB /* ToDoViewController.swift */; };
/* End PBXBuildFile section */

/* Begin PBXFileReference section */
		E71080C6241FF5F7001FB39B /* InProgressViewController.swift */ = {isa = PBXFileReference; lastKnownFileType = sourcecode.swift; path = InProgressViewController.swift; sourceTree = "<group>"; };
		E71080C8241FF603001FB39B /* DoneViewController.swift */ = {isa = PBXFileReference; lastKnownFileType = sourcecode.swift; path = DoneViewController.swift; sourceTree = "<group>"; };
		E7275E89241D8C1C008131D4 /* Image.swift */ = {isa = PBXFileReference; lastKnownFileType = sourcecode.swift; path = Image.swift; sourceTree = "<group>"; };
		E7275E8B241D8D40008131D4 /* Download.swift */ = {isa = PBXFileReference; lastKnownFileType = sourcecode.swift; path = Download.swift; sourceTree = "<group>"; };
		E7275E8D241E2A5A008131D4 /* DownloadManager.swift */ = {isa = PBXFileReference; lastKnownFileType = sourcecode.swift; path = DownloadManager.swift; sourceTree = "<group>"; };
		E731248B241D8287000E01B0 /* HW1.app */ = {isa = PBXFileReference; explicitFileType = wrapper.application; includeInIndex = 0; path = HW1.app; sourceTree = BUILT_PRODUCTS_DIR; };
		E731248E241D8287000E01B0 /* AppDelegate.swift */ = {isa = PBXFileReference; lastKnownFileType = sourcecode.swift; path = AppDelegate.swift; sourceTree = "<group>"; };
		E7312490241D8287000E01B0 /* SceneDelegate.swift */ = {isa = PBXFileReference; lastKnownFileType = sourcecode.swift; path = SceneDelegate.swift; sourceTree = "<group>"; };
		E7312492241D8287000E01B0 /* ViewController.swift */ = {isa = PBXFileReference; lastKnownFileType = sourcecode.swift; path = ViewController.swift; sourceTree = "<group>"; };
		E7312495241D8287000E01B0 /* Base */ = {isa = PBXFileReference; lastKnownFileType = file.storyboard; name = Base; path = Base.lproj/Main.storyboard; sourceTree = "<group>"; };
		E7312497241D8288000E01B0 /* Assets.xcassets */ = {isa = PBXFileReference; lastKnownFileType = folder.assetcatalog; path = Assets.xcassets; sourceTree = "<group>"; };
		E731249A241D8288000E01B0 /* Base */ = {isa = PBXFileReference; lastKnownFileType = file.storyboard; name = Base; path = Base.lproj/LaunchScreen.storyboard; sourceTree = "<group>"; };
		E731249C241D8288000E01B0 /* Info.plist */ = {isa = PBXFileReference; lastKnownFileType = text.plist.xml; path = Info.plist; sourceTree = "<group>"; };
		E760CEDE24242C5E000EE1CB /* ToDoViewController.swift */ = {isa = PBXFileReference; lastKnownFileType = sourcecode.swift; path = ToDoViewController.swift; sourceTree = "<group>"; };
/* End PBXFileReference section */

/* Begin PBXFrameworksBuildPhase section */
		E7312488241D8287000E01B0 /* Frameworks */ = {
			isa = PBXFrameworksBuildPhase;
			buildActionMask = 2147483647;
			files = (
			);
			runOnlyForDeploymentPostprocessing = 0;
		};
/* End PBXFrameworksBuildPhase section */

/* Begin PBXGroup section */
		E7275E86241D8BF8008131D4 /* Models */ = {
			isa = PBXGroup;
			children = (
				E7275E89241D8C1C008131D4 /* Image.swift */,
				E7275E8B241D8D40008131D4 /* Download.swift */,
			);
			path = Models;
			sourceTree = "<group>";
		};
		E7275E87241D8C06008131D4 /* Networking */ = {
			isa = PBXGroup;
			children = (
				E7275E8D241E2A5A008131D4 /* DownloadManager.swift */,
			);
			path = Networking;
			sourceTree = "<group>";
		};
		E7275E88241D8C0E008131D4 /* Controllers */ = {
			isa = PBXGroup;
			children = (
				E7312492241D8287000E01B0 /* ViewController.swift */,
				E71080C6241FF5F7001FB39B /* InProgressViewController.swift */,
				E71080C8241FF603001FB39B /* DoneViewController.swift */,
				E760CEDE24242C5E000EE1CB /* ToDoViewController.swift */,
			);
			path = Controllers;
			sourceTree = "<group>";
		};
		E7312482241D8287000E01B0 = {
			isa = PBXGroup;
			children = (
				E731248D241D8287000E01B0 /* HW1 */,
				E731248C241D8287000E01B0 /* Products */,
			);
			sourceTree = "<group>";
		};
		E731248C241D8287000E01B0 /* Products */ = {
			isa = PBXGroup;
			children = (
				E731248B241D8287000E01B0 /* HW1.app */,
			);
			name = Products;
			sourceTree = "<group>";
		};
		E731248D241D8287000E01B0 /* HW1 */ = {
			isa = PBXGroup;
			children = (
				E7275E88241D8C0E008131D4 /* Controllers */,
				E7275E87241D8C06008131D4 /* Networking */,
				E7275E86241D8BF8008131D4 /* Models */,
				E731248E241D8287000E01B0 /* AppDelegate.swift */,
				E7312490241D8287000E01B0 /* SceneDelegate.swift */,
				E7312494241D8287000E01B0 /* Main.storyboard */,
				E7312497241D8288000E01B0 /* Assets.xcassets */,
				E7312499241D8288000E01B0 /* LaunchScreen.storyboard */,
				E731249C241D8288000E01B0 /* Info.plist */,
			);
			path = HW1;
			sourceTree = "<group>";
		};
/* End PBXGroup section */

/* Begin PBXNativeTarget section */
		E731248A241D8287000E01B0 /* HW1 */ = {
			isa = PBXNativeTarget;
			buildConfigurationList = E731249F241D8288000E01B0 /* Build configuration list for PBXNativeTarget "HW1" */;
			buildPhases = (
				E7312487241D8287000E01B0 /* Sources */,
				E7312488241D8287000E01B0 /* Frameworks */,
				E7312489241D8287000E01B0 /* Resources */,
			);
			buildRules = (
			);
			dependencies = (
			);
			name = HW1;
			productName = HW1;
			productReference = E731248B241D8287000E01B0 /* HW1.app */;
			productType = "com.apple.product-type.application";
		};
/* End PBXNativeTarget section */

/* Begin PBXProject section */
		E7312483241D8287000E01B0 /* Project object */ = {
			isa = PBXProject;
			attributes = {
				LastSwiftUpdateCheck = 1130;
				LastUpgradeCheck = 1130;
				ORGANIZATIONNAME = "Vitaliy Vorobyov";
				TargetAttributes = {
					E731248A241D8287000E01B0 = {
						CreatedOnToolsVersion = 11.3.1;
					};
				};
			};
			buildConfigurationList = E7312486241D8287000E01B0 /* Build configuration list for PBXProject "HW1" */;
			compatibilityVersion = "Xcode 9.3";
			developmentRegion = en;
			hasScannedForEncodings = 0;
			knownRegions = (
				en,
				Base,
			);
			mainGroup = E7312482241D8287000E01B0;
			productRefGroup = E731248C241D8287000E01B0 /* Products */;
			projectDirPath = "";
			projectRoot = "";
			targets = (
				E731248A241D8287000E01B0 /* HW1 */,
			);
		};
/* End PBXProject section */

/* Begin PBXResourcesBuildPhase section */
		E7312489241D8287000E01B0 /* Resources */ = {
			isa = PBXResourcesBuildPhase;
			buildActionMask = 2147483647;
			files = (
				E731249B241D8288000E01B0 /* LaunchScreen.storyboard in Resources */,
				E7312498241D8288000E01B0 /* Assets.xcassets in Resources */,
				E7312496241D8287000E01B0 /* Main.storyboard in Resources */,
			);
			runOnlyForDeploymentPostprocessing = 0;
		};
/* End PBXResourcesBuildPhase section */

/* Begin PBXSourcesBuildPhase section */
		E7312487241D8287000E01B0 /* Sources */ = {
			isa = PBXSourcesBuildPhase;
			buildActionMask = 2147483647;
			files = (
				E7275E8A241D8C1C008131D4 /* Image.swift in Sources */,
				E7275E8E241E2A5A008131D4 /* DownloadManager.swift in Sources */,
				E7312493241D8287000E01B0 /* ViewController.swift in Sources */,
				E731248F241D8287000E01B0 /* AppDelegate.swift in Sources */,
				E760CEDF24242C5E000EE1CB /* ToDoViewController.swift in Sources */,
				E71080C7241FF5F7001FB39B /* InProgressViewController.swift in Sources */,
				E7312491241D8287000E01B0 /* SceneDelegate.swift in Sources */,
				E7275E8C241D8D40008131D4 /* Download.swift in Sources */,
				E71080C9241FF603001FB39B /* DoneViewController.swift in Sources */,
			);
			runOnlyForDeploymentPostprocessing = 0;
		};
/* End PBXSourcesBuildPhase section */

/* Begin PBXVariantGroup section */
		E7312494241D8287000E01B0 /* Main.storyboard */ = {
			isa = PBXVariantGroup;
			children = (
				E7312495241D8287000E01B0 /* Base */,
			);
			name = Main.storyboard;
			sourceTree = "<group>";
		};
		E7312499241D8288000E01B0 /* LaunchScreen.storyboard */ = {
			isa = PBXVariantGroup;
			children = (
				E731249A241D8288000E01B0 /* Base */,
			);
			name = LaunchScreen.storyboard;
			sourceTree = "<group>";
		};
/* End PBXVariantGroup section */

/* Begin XCBuildConfiguration section */
		E731249D241D8288000E01B0 /* Debug */ = {
			isa = XCBuildConfiguration;
			buildSettings = {
				ALWAYS_SEARCH_USER_PATHS = NO;
				CLANG_ANALYZER_NONNULL = YES;
				CLANG_ANALYZER_NUMBER_OBJECT_CONVERSION = YES_AGGRESSIVE;
				CLANG_CXX_LANGUAGE_STANDARD = "gnu++14";
				CLANG_CXX_LIBRARY = "libc++";
				CLANG_ENABLE_MODULES = YES;
				CLANG_ENABLE_OBJC_ARC = YES;
				CLANG_ENABLE_OBJC_WEAK = YES;
				CLANG_WARN_BLOCK_CAPTURE_AUTORELEASING = YES;
				CLANG_WARN_BOOL_CONVERSION = YES;
				CLANG_WARN_COMMA = YES;
				CLANG_WARN_CONSTANT_CONVERSION = YES;
				CLANG_WARN_DEPRECATED_OBJC_IMPLEMENTATIONS = YES;
				CLANG_WARN_DIRECT_OBJC_ISA_USAGE = YES_ERROR;
				CLANG_WARN_DOCUMENTATION_COMMENTS = YES;
				CLANG_WARN_EMPTY_BODY = YES;
				CLANG_WARN_ENUM_CONVERSION = YES;
				CLANG_WARN_INFINITE_RECURSION = YES;
				CLANG_WARN_INT_CONVERSION = YES;
				CLANG_WARN_NON_LITERAL_NULL_CONVERSION = YES;
				CLANG_WARN_OBJC_IMPLICIT_RETAIN_SELF = YES;
				CLANG_WARN_OBJC_LITERAL_CONVERSION = YES;
				CLANG_WARN_OBJC_ROOT_CLASS = YES_ERROR;
				CLANG_WARN_RANGE_LOOP_ANALYSIS = YES;
				CLANG_WARN_STRICT_PROTOTYPES = YES;
				CLANG_WARN_SUSPICIOUS_MOVE = YES;
				CLANG_WARN_UNGUARDED_AVAILABILITY = YES_AGGRESSIVE;
				CLANG_WARN_UNREACHABLE_CODE = YES;
				CLANG_WARN__DUPLICATE_METHOD_MATCH = YES;
				COPY_PHASE_STRIP = NO;
				DEBUG_INFORMATION_FORMAT = dwarf;
				ENABLE_STRICT_OBJC_MSGSEND = YES;
				ENABLE_TESTABILITY = YES;
				GCC_C_LANGUAGE_STANDARD = gnu11;
				GCC_DYNAMIC_NO_PIC = NO;
				GCC_NO_COMMON_BLOCKS = YES;
				GCC_OPTIMIZATION_LEVEL = 0;
				GCC_PREPROCESSOR_DEFINITIONS = (
					"DEBUG=1",
					"$(inherited)",
				);
				GCC_WARN_64_TO_32_BIT_CONVERSION = YES;
				GCC_WARN_ABOUT_RETURN_TYPE = YES_ERROR;
				GCC_WARN_UNDECLARED_SELECTOR = YES;
				GCC_WARN_UNINITIALIZED_AUTOS = YES_AGGRESSIVE;
				GCC_WARN_UNUSED_FUNCTION = YES;
				GCC_WARN_UNUSED_VARIABLE = YES;
				IPHONEOS_DEPLOYMENT_TARGET = 13.2;
				MTL_ENABLE_DEBUG_INFO = INCLUDE_SOURCE;
				MTL_FAST_MATH = YES;
				ONLY_ACTIVE_ARCH = YES;
				SDKROOT = iphoneos;
				SWIFT_ACTIVE_COMPILATION_CONDITIONS = DEBUG;
				SWIFT_OPTIMIZATION_LEVEL = "-Onone";
			};
			name = Debug;
		};
		E731249E241D8288000E01B0 /* Release */ = {
			isa = XCBuildConfiguration;
			buildSettings = {
				ALWAYS_SEARCH_USER_PATHS = NO;
				CLANG_ANALYZER_NONNULL = YES;
				CLANG_ANALYZER_NUMBER_OBJECT_CONVERSION = YES_AGGRESSIVE;
				CLANG_CXX_LANGUAGE_STANDARD = "gnu++14";
				CLANG_CXX_LIBRARY = "libc++";
				CLANG_ENABLE_MODULES = YES;
				CLANG_ENABLE_OBJC_ARC = YES;
				CLANG_ENABLE_OBJC_WEAK = YES;
				CLANG_WARN_BLOCK_CAPTURE_AUTORELEASING = YES;
				CLANG_WARN_BOOL_CONVERSION = YES;
				CLANG_WARN_COMMA = YES;
				CLANG_WARN_CONSTANT_CONVERSION = YES;
				CLANG_WARN_DEPRECATED_OBJC_IMPLEMENTATIONS = YES;
				CLANG_WARN_DIRECT_OBJC_ISA_USAGE = YES_ERROR;
				CLANG_WARN_DOCUMENTATION_COMMENTS = YES;
				CLANG_WARN_EMPTY_BODY = YES;
				CLANG_WARN_ENUM_CONVERSION = YES;
				CLANG_WARN_INFINITE_RECURSION = YES;
				CLANG_WARN_INT_CONVERSION = YES;
				CLANG_WARN_NON_LITERAL_NULL_CONVERSION = YES;
				CLANG_WARN_OBJC_IMPLICIT_RETAIN_SELF = YES;
				CLANG_WARN_OBJC_LITERAL_CONVERSION = YES;
				CLANG_WARN_OBJC_ROOT_CLASS = YES_ERROR;
				CLANG_WARN_RANGE_LOOP_ANALYSIS = YES;
				CLANG_WARN_STRICT_PROTOTYPES = YES;
				CLANG_WARN_SUSPICIOUS_MOVE = YES;
				CLANG_WARN_UNGUARDED_AVAILABILITY = YES_AGGRESSIVE;
				CLANG_WARN_UNREACHABLE_CODE = YES;
				CLANG_WARN__DUPLICATE_METHOD_MATCH = YES;
				COPY_PHASE_STRIP = NO;
				DEBUG_INFORMATION_FORMAT = "dwarf-with-dsym";
				ENABLE_NS_ASSERTIONS = NO;
				ENABLE_STRICT_OBJC_MSGSEND = YES;
				GCC_C_LANGUAGE_STANDARD = gnu11;
				GCC_NO_COMMON_BLOCKS = YES;
				GCC_WARN_64_TO_32_BIT_CONVERSION = YES;
				GCC_WARN_ABOUT_RETURN_TYPE = YES_ERROR;
				GCC_WARN_UNDECLARED_SELECTOR = YES;
				GCC_WARN_UNINITIALIZED_AUTOS = YES_AGGRESSIVE;
				GCC_WARN_UNUSED_FUNCTION = YES;
				GCC_WARN_UNUSED_VARIABLE = YES;
				IPHONEOS_DEPLOYMENT_TARGET = 13.2;
				MTL_ENABLE_DEBUG_INFO = NO;
				MTL_FAST_MATH = YES;
				SDKROOT = iphoneos;
				SWIFT_COMPILATION_MODE = wholemodule;
				SWIFT_OPTIMIZATION_LEVEL = "-O";
				VALIDATE_PRODUCT = YES;
			};
			name = Release;
		};
		E73124A0241D8288000E01B0 /* Debug */ = {
			isa = XCBuildConfiguration;
			buildSettings = {
				ASSETCATALOG_COMPILER_APPICON_NAME = AppIcon;
				CODE_SIGN_STYLE = Automatic;
				DEVELOPMENT_TEAM = 2TM92T33N2;
				INFOPLIST_FILE = HW1/Info.plist;
				LD_RUNPATH_SEARCH_PATHS = (
					"$(inherited)",
					"@executable_path/Frameworks",
				);
				PRODUCT_BUNDLE_IDENTIFIER = com.vitaliyvorobyov.HW1;
				PRODUCT_NAME = "$(TARGET_NAME)";
				SWIFT_VERSION = 5.0;
				TARGETED_DEVICE_FAMILY = "1,2";
			};
			name = Debug;
		};
		E73124A1241D8288000E01B0 /* Release */ = {
			isa = XCBuildConfiguration;
			buildSettings = {
				ASSETCATALOG_COMPILER_APPICON_NAME = AppIcon;
				CODE_SIGN_STYLE = Automatic;
				DEVELOPMENT_TEAM = 2TM92T33N2;
				INFOPLIST_FILE = HW1/Info.plist;
				LD_RUNPATH_SEARCH_PATHS = (
					"$(inherited)",
					"@executable_path/Frameworks",
				);
				PRODUCT_BUNDLE_IDENTIFIER = com.vitaliyvorobyov.HW1;
				PRODUCT_NAME = "$(TARGET_NAME)";
				SWIFT_VERSION = 5.0;
				TARGETED_DEVICE_FAMILY = "1,2";
			};
			name = Release;
		};
/* End XCBuildConfiguration section */

/* Begin XCConfigurationList section */
		E7312486241D8287000E01B0 /* Build configuration list for PBXProject "HW1" */ = {
			isa = XCConfigurationList;
			buildConfigurations = (
				E731249D241D8288000E01B0 /* Debug */,
				E731249E241D8288000E01B0 /* Release */,
			);
			defaultConfigurationIsVisible = 0;
			defaultConfigurationName = Release;
		};
		E731249F241D8288000E01B0 /* Build configuration list for PBXNativeTarget "HW1" */ = {
			isa = XCConfigurationList;
			buildConfigurations = (
				E73124A0241D8288000E01B0 /* Debug */,
				E73124A1241D8288000E01B0 /* Release */,
			);
			defaultConfigurationIsVisible = 0;
			defaultConfigurationName = Release;
		};
/* End XCConfigurationList section */
	};
	rootObject = E7312483241D8287000E01B0 /* Project object */;
}
